<?xml version="1.0" encoding="UTF-8"?>
<CONFIG>
  <ProjectOptions>
    <Version Value="12"/>
    <PathDelim Value="\"/>
    <General>
      <Flags>
        <MainUnitHasCreateFormStatements Value="False"/>
        <MainUnitHasTitleStatement Value="False"/>
        <MainUnitHasScaledStatement Value="False"/>
      </Flags>
      <SessionStorage Value="InProjectDir"/>
      <Title Value="My Application"/>
      <UseAppBundle Value="False"/>
      <ResourceType Value="res"/>
    </General>
    <MacroValues Count="2">
      <Macro1 Name="ACBrDir" Value="$Env(ACBR_HOME)"/>
      <Macro2 Name="LCLWidgetType" Value="nogui"/>
    </MacroValues>
    <BuildModes>
      <Item Name="Default" Default="True"/>
      <SharedMatrixOptions Count="2">
        <Item1 ID="784204341216" Modes="Default" Type="IDEMacro" MacroName="ACBrDir" Value="$Env(ACBR_HOME)"/>
        <Item2 ID="816848208760" Modes="Default" Type="IDEMacro" MacroName="LCLWidgetType" Value="nogui"/>
      </SharedMatrixOptions>
    </BuildModes>
    <PublishOptions>
      <Version Value="2"/>
      <UseFileFilters Value="True"/>
    </PublishOptions>
    <RunParams>
      <FormatVersion Value="2"/>
    </RunParams>
    <Units>
      <Unit>
        <Filename Value="nfse_service.lpr"/>
        <IsPartOfProject Value="True"/>
      </Unit>
      <Unit>
        <Filename Value="model\dto\nfse_dto.pas"/>
        <IsPartOfProject Value="True"/>
      </Unit>
      <Unit>
        <Filename Value="controller\nfse_certificado_controller.pas"/>
        <IsPartOfProject Value="True"/>
      </Unit>
      <Unit>
        <Filename Value="controller\nfse_controller.pas"/>
        <IsPartOfProject Value="True"/>
      </Unit>
      <Unit>
        <Filename Value="controller\nfse_empresa_controller.pas"/>
        <IsPartOfProject Value="True"/>
      </Unit>
      <Unit>
        <Filename Value="controller\nfse_getfake_controller.pas"/>
        <IsPartOfProject Value="True"/>
      </Unit>
      <Unit>
        <Filename Value="controller\nfse_health_controller.pas"/>
        <IsPartOfProject Value="True"/>
      </Unit>
      <Unit>
        <Filename Value="controller\nfse_quit_controller.pas"/>
        <IsPartOfProject Value="True"/>
      </Unit>
      <Unit>
        <Filename Value="controller\nfse_relatorios_controller.pas"/>
        <IsPartOfProject Value="True"/>
      </Unit>
      <Unit>
        <Filename Value="controller\nfse_webhook_controller.pas"/>
        <IsPartOfProject Value="True"/>
      </Unit>
      <Unit>
        <Filename Value="service\nfse_acbr_service.pas"/>
        <IsPartOfProject Value="True"/>
      </Unit>
      <Unit>
        <Filename Value="controller\console_controller.pas"/>
        <IsPartOfProject Value="True"/>
      </Unit>
      <Unit>
        <Filename Value="model\dto\endereco_dto.pas"/>
        <IsPartOfProject Value="True"/>
      </Unit>
      <Unit>
        <Filename Value="model\dto\telefone_dto.pas"/>
        <IsPartOfProject Value="True"/>
      </Unit>
      <Unit>
        <Filename Value="model\dto\tomador_dto.pas"/>
        <IsPartOfProject Value="True"/>
      </Unit>
      <Unit>
        <Filename Value="model\dto\prestador_dto.pas"/>
        <IsPartOfProject Value="True"/>
      </Unit>
      <Unit>
        <Filename Value="model\dto\valor_dto.pas"/>
        <IsPartOfProject Value="True"/>
      </Unit>
      <Unit>
        <Filename Value="model\dto\servico_dto.pas"/>
        <IsPartOfProject Value="True"/>
      </Unit>
      <Unit>
        <Filename Value="model\dto\iss_dto.pas"/>
        <IsPartOfProject Value="True"/>
      </Unit>
      <Unit>
        <Filename Value="model\dto\obra_dto.pas"/>
        <IsPartOfProject Value="True"/>
      </Unit>
      <Unit>
        <Filename Value="model\dto\deducao_dto.pas"/>
        <IsPartOfProject Value="True"/>
      </Unit>
      <Unit>
        <Filename Value="model\dto\retencao_dto.pas"/>
        <IsPartOfProject Value="True"/>
      </Unit>
      <Unit>
        <Filename Value="model\dto\ibpt_dto.pas"/>
        <IsPartOfProject Value="True"/>
      </Unit>
      <Unit>
        <Filename Value="model\dto\detalhado_dto.pas"/>
        <IsPartOfProject Value="True"/>
      </Unit>
      <Unit>
        <Filename Value="model\dto\simplificado_dto.pas"/>
        <IsPartOfProject Value="True"/>
      </Unit>
      <Unit>
        <Filename Value="model\dto\pis_dto.pas"/>
        <IsPartOfProject Value="True"/>
      </Unit>
      <Unit>
        <Filename Value="model\dto\confins_dto.pas"/>
        <IsPartOfProject Value="True"/>
      </Unit>
      <Unit>
        <Filename Value="model\dto\csll_dto.pas"/>
        <IsPartOfProject Value="True"/>
      </Unit>
      <Unit>
        <Filename Value="model\dto\inss_dto.pas"/>
        <IsPartOfProject Value="True"/>
      </Unit>
      <Unit>
        <Filename Value="model\dto\irrf_dto.pas"/>
        <IsPartOfProject Value="True"/>
      </Unit>
      <Unit>
        <Filename Value="model\dto\cpp_dto.pas"/>
        <IsPartOfProject Value="True"/>
      </Unit>
      <Unit>
        <Filename Value="model\dto\intermediario_dto.pas"/>
        <IsPartOfProject Value="True"/>
      </Unit>
      <Unit>
        <Filename Value="adapter\json_nfsedto_adapter.pas"/>
        <IsPartOfProject Value="True"/>
      </Unit>
      <Unit>
        <Filename Value="adapter\nfsedto_acbrnfse_adapter.pas"/>
        <IsPartOfProject Value="True"/>
      </Unit>
      <Unit>
        <Filename Value="utils\nfse_valid_json.pas"/>
        <IsPartOfProject Value="True"/>
      </Unit>
      <Unit>
        <Filename Value="model\dto\certificado_dto.pas"/>
        <IsPartOfProject Value="True"/>
      </Unit>
      <Unit>
        <Filename Value="model\dto\nfse_cancelamento_dto.pas"/>
        <IsPartOfProject Value="True"/>
      </Unit>
      <Unit>
        <Filename Value="service\acbr_nfse_service.pas"/>
        <IsPartOfProject Value="True"/>
      </Unit>
    </Units>
  </ProjectOptions>
  <CompilerOptions>
    <Version Value="11"/>
    <PathDelim Value="\"/>
    <Target>
      <Filename Value="nfse_service"/>
    </Target>
    <SearchPaths>
      <IncludeFiles Value="$(ProjOutDir);D:\Development\assets\acbr\Fontes\ACBrComum\"/>
      <OtherUnitFiles Value="$(ACBrDir)\ACBrDFe\ACBrNFSeX;$(ACBrDir)\Terceiros\synalist;$(ACBrDir)\ACBrComum;$(ACBrDir)\ACBrDFe;$(ACBrDir)\PCNComum;$(ACBrDir)\Terceiros\FastStringReplace;$(ACBrDir)\Terceiros\GZIPUtils;$(ACBrDir)\ACBrDiversos;$(ACBrDir)\ACBrTCP;$(ACBrDir)\ACBrIntegrador;$(ACBrDir)\ACBrIntegrador\pcnVFPe;$(ACBrDir)\Terceiros\CodeGear;$(ACBrDir)\ACBrOpenSSL;$(ACBrDir)\Terceiros\Ole;$(ACBrDir)\ACBrDFe\ACBrNFSeX\Base;$(ACBrDir)\ACBrDFe\ACBrNFSeX\Base\WebServices;$(ACBrDir)\ACBrDFe\ACBrNFSeX\DANFSE;$(ACBrDir)\ACBrDFe\ACBrNFSeX\Base\Provedores;$(ACBrDir)\ACBrDFe\ACBrNFSeX\Provedores;controller;model\dto;service;adapter;utils;..\..\pascal-core\src\lazarus\lib;modules\.dcp;modules\.dcu;modules;modules\horse\src;modules\horse-logger\src;modules\horse-octet-stream\src;modules\horse-utils-clientip\src"/>
      <UnitOutputDirectory Value="lib\$(TargetCPU)-$(TargetOS)"/>
    </SearchPaths>
    <Parsing>
      <SyntaxOptions>
        <SyntaxMode Value="Delphi"/>
      </SyntaxOptions>
    </Parsing>
    <Linking>
      <Debugging>
        <DebugInfoType Value="dsDwarf2"/>
      </Debugging>
    </Linking>
    <Other>
      <CustomOptions Value="-dNOGUI
-dUseCThreads"/>
      <OtherDefines Count="2">
        <Define0 Value="NOGUI"/>
        <Define1 Value="UseCThreads"/>
      </OtherDefines>
    </Other>
  </CompilerOptions>
  <Debugging>
    <Exceptions>
      <Item>
        <Name Value="EAbort"/>
      </Item>
      <Item>
        <Name Value="ECodetoolError"/>
      </Item>
      <Item>
        <Name Value="EFOpenError"/>
      </Item>
    </Exceptions>
  </Debugging>
</CONFIG>
